{
  "nodes": {
    "_1password-shell-plugins": {
      "inputs": {
        "flake-utils": "flake-utils",
        "nixpkgs": "nixpkgs"
      },
      "locked": {
        "lastModified": 1747918929,
        "narHash": "sha256-XeKwE6zTD5128LHWWAAcgq0RWhVNK2xmosijpCSQG+c=",
        "owner": "1Password",
        "repo": "shell-plugins",
        "rev": "61135fafeb59b05736f9a646994879eec6d9505a",
        "type": "github"
      },
      "original": {
        "owner": "1Password",
        "repo": "shell-plugins",
        "type": "github"
      }
    },
    "base16": {
      "inputs": {
        "fromYaml": "fromYaml"
      },
      "locked": {
        "lastModified": 1746562888,
        "narHash": "sha256-YgNJQyB5dQiwavdDFBMNKk1wyS77AtdgDk/VtU6wEaI=",
        "owner": "SenchoPens",
        "repo": "base16.nix",
        "rev": "806a1777a5db2a1ef9d5d6f493ef2381047f2b89",
        "type": "github"
      },
      "original": {
        "owner": "SenchoPens",
        "repo": "base16.nix",
        "type": "github"
      }
    },
    "base16-fish": {
      "flake": false,
      "locked": {
        "lastModified": 1622559957,
        "narHash": "sha256-PebymhVYbL8trDVVXxCvZgc0S5VxI7I1Hv4RMSquTpA=",
        "owner": "tomyun",
        "repo": "base16-fish",
        "rev": "2f6dd973a9075dabccd26f1cded09508180bf5fe",
        "type": "github"
      },
      "original": {
        "owner": "tomyun",
        "repo": "base16-fish",
        "type": "github"
      }
    },
    "base16-helix": {
      "flake": false,
      "locked": {
        "lastModified": 1748408240,
        "narHash": "sha256-9M2b1rMyMzJK0eusea0x3lyh3mu5nMeEDSc4RZkGm+g=",
        "owner": "tinted-theming",
        "repo": "base16-helix",
        "rev": "6c711ab1a9db6f51e2f6887cc3345530b33e152e",
        "type": "github"
      },
      "original": {
        "owner": "tinted-theming",
        "repo": "base16-helix",
        "type": "github"
      }
    },
    "base16-vim": {
      "flake": false,
      "locked": {
        "lastModified": 1732806396,
        "narHash": "sha256-e0bpPySdJf0F68Ndanwm+KWHgQiZ0s7liLhvJSWDNsA=",
        "owner": "tinted-theming",
        "repo": "base16-vim",
        "rev": "577fe8125d74ff456cf942c733a85d769afe58b7",
        "type": "github"
      },
      "original": {
        "owner": "tinted-theming",
        "repo": "base16-vim",
        "rev": "577fe8125d74ff456cf942c733a85d769afe58b7",
        "type": "github"
      }
    },
    "brew-src": {
      "flake": false,
      "locked": {
        "lastModified": 1749511373,
        "narHash": "sha256-7u1TdHQaUCzzgf/n8T3bQosuYXyNBEPU/3WQQqozE5o=",
        "owner": "Homebrew",
        "repo": "brew",
        "rev": "7b4ef99fed96966269ee35994407fa4c06097a4d",
        "type": "github"
      },
      "original": {
        "owner": "Homebrew",
        "ref": "4.5.6",
        "repo": "brew",
        "type": "github"
      }
    },
    "cpu-microcodes": {
      "flake": false,
      "locked": {
        "lastModified": 1749987051,
        "narHash": "sha256-lgzCPvDP5HNcT29h2s059qcSX40vaU1YXJHGbdf//g4=",
        "owner": "platomav",
        "repo": "CPUMicrocodes",
        "rev": "571c861f3906889ee1cc93b3c0821bb02826f07e",
        "type": "github"
      },
      "original": {
        "owner": "platomav",
        "repo": "CPUMicrocodes",
        "type": "github"
      }
    },
    "dedupe_flake-compat": {
      "locked": {
        "lastModified": 1747046372,
        "narHash": "sha256-CIVLLkVgvHYbgI2UpXvIIBJ12HWgX+fjA8Xf8PUmqCY=",
        "owner": "edolstra",
        "repo": "flake-compat",
        "rev": "9100a0f413b0c601e0533d1d94ffd501ce2e7885",
        "type": "github"
      },
      "original": {
        "owner": "edolstra",
        "repo": "flake-compat",
        "type": "github"
      }
    },
    "dedupe_flake-utils": {
      "inputs": {
        "systems": [
          "dedupe_systems"
        ]
      },
      "locked": {
        "lastModified": 1731533236,
        "narHash": "sha256-l0KFg5HjrsfsO/JpG+r7fRrqm12kzFHyUHqHCVpMMbI=",
        "owner": "numtide",
        "repo": "flake-utils",
        "rev": "11707dc2f618dd54ca8739b309ec4fc024de578b",
        "type": "github"
      },
      "original": {
        "owner": "numtide",
        "repo": "flake-utils",
        "type": "github"
      }
    },
    "dedupe_nur": {
      "inputs": {
        "flake-parts": [
          "flake-parts"
        ],
        "nixpkgs": [
          "nixpkgs"
        ],
        "treefmt-nix": [
          "treefmt-nix"
        ]
      },
      "locked": {
        "lastModified": 1750362320,
        "narHash": "sha256-SO/2K/k+1Rma/8AwXREj3CGblNsCHdoP0Xp7SnvPkR4=",
        "owner": "nix-community",
        "repo": "NUR",
        "rev": "b268c99503bbe66ce6bca9d005e08f0308273883",
        "type": "github"
      },
      "original": {
        "owner": "nix-community",
        "repo": "NUR",
        "type": "github"
      }
    },
    "dedupe_nuschtos-search": {
      "inputs": {
        "flake-utils": [
          "dedupe_flake-utils"
        ],
        "ixx": "ixx",
        "nixpkgs": [
          "nixpkgs"
        ]
      },
      "locked": {
        "lastModified": 1749730855,
        "narHash": "sha256-L3x2nSlFkXkM6tQPLJP3oCBMIsRifhIDPMQQdHO5xWo=",
        "owner": "NuschtOS",
        "repo": "search",
        "rev": "8dfe5879dd009ff4742b668d9c699bc4b9761742",
        "type": "github"
      },
      "original": {
        "owner": "NuschtOS",
        "repo": "search",
        "type": "github"
      }
    },
    "dedupe_systems": {
      "locked": {
        "lastModified": 1681028828,
        "narHash": "sha256-Vy1rq5AaRuLzOxct8nz4T6wlgyUR7zLU309k9mBC768=",
        "owner": "nix-systems",
        "repo": "default",
        "rev": "da67096a3b9bf56a91d16901293e51ba5b49a27e",
        "type": "github"
      },
      "original": {
        "owner": "nix-systems",
        "repo": "default",
        "type": "github"
      }
    },
    "files": {
      "locked": {
        "lastModified": 1750263550,
        "narHash": "sha256-EW/QJ8i/13GgiynBb6zOMxhLU1uEkRqmzbIDEP23yVA=",
        "owner": "mightyiam",
        "repo": "files",
        "rev": "5f4ef1fd1f9012354a9748be093e277675d10f07",
        "type": "github"
      },
      "original": {
        "owner": "mightyiam",
        "repo": "files",
        "type": "github"
      }
    },
    "firefox-gnome-theme": {
      "flake": false,
      "locked": {
        "lastModified": 1748383148,
        "narHash": "sha256-pGvD/RGuuPf/4oogsfeRaeMm6ipUIznI2QSILKjKzeA=",
        "owner": "rafaelmardojai",
        "repo": "firefox-gnome-theme",
        "rev": "4eb2714fbed2b80e234312611a947d6cb7d70caf",
        "type": "github"
      },
      "original": {
        "owner": "rafaelmardojai",
        "repo": "firefox-gnome-theme",
        "type": "github"
      }
    },
    "flake-compat": {
      "flake": false,
      "locked": {
        "lastModified": 1696426674,
        "narHash": "sha256-kvjfFW7WAETZlt09AgDn1MrtKzP7t90Vf7vypd3OL1U=",
        "owner": "edolstra",
        "repo": "flake-compat",
        "rev": "0f9255e01c2351cc7d116c072cb317785dd33b33",
        "type": "github"
      },
      "original": {
        "owner": "edolstra",
        "repo": "flake-compat",
        "type": "github"
      }
    },
    "flake-compat_2": {
      "flake": false,
      "locked": {
        "lastModified": 1747046372,
        "narHash": "sha256-CIVLLkVgvHYbgI2UpXvIIBJ12HWgX+fjA8Xf8PUmqCY=",
        "owner": "edolstra",
        "repo": "flake-compat",
        "rev": "9100a0f413b0c601e0533d1d94ffd501ce2e7885",
        "type": "github"
      },
      "original": {
        "owner": "edolstra",
        "repo": "flake-compat",
        "type": "github"
      }
    },
    "flake-parts": {
      "inputs": {
        "nixpkgs-lib": [
          "nixpkgs"
        ]
      },
      "locked": {
        "lastModified": 1749398372,
        "narHash": "sha256-tYBdgS56eXYaWVW3fsnPQ/nFlgWi/Z2Ymhyu21zVM98=",
        "owner": "hercules-ci",
        "repo": "flake-parts",
        "rev": "9305fe4e5c2a6fcf5ba6a3ff155720fbe4076569",
        "type": "github"
      },
      "original": {
        "owner": "hercules-ci",
        "repo": "flake-parts",
        "type": "github"
      }
    },
    "flake-parts_2": {
      "inputs": {
        "nixpkgs-lib": "nixpkgs-lib"
      },
      "locked": {
        "lastModified": 1749398372,
        "narHash": "sha256-tYBdgS56eXYaWVW3fsnPQ/nFlgWi/Z2Ymhyu21zVM98=",
        "owner": "hercules-ci",
        "repo": "flake-parts",
        "rev": "9305fe4e5c2a6fcf5ba6a3ff155720fbe4076569",
        "type": "github"
      },
      "original": {
        "owner": "hercules-ci",
        "repo": "flake-parts",
        "type": "github"
      }
    },
    "flake-utils": {
      "inputs": {
        "systems": "systems"
      },
      "locked": {
        "lastModified": 1710146030,
        "narHash": "sha256-SZ5L6eA7HJ/nmkzGG7/ISclqe6oZdOZTNoesiInkXPQ=",
        "owner": "numtide",
        "repo": "flake-utils",
        "rev": "b1d9ab70662946ef0850d488da1c9019f3a9752a",
        "type": "github"
      },
      "original": {
        "owner": "numtide",
        "repo": "flake-utils",
        "type": "github"
      }
    },
    "flake-utils_2": {
      "inputs": {
        "systems": "systems_2"
      },
      "locked": {
        "lastModified": 1731533236,
        "narHash": "sha256-l0KFg5HjrsfsO/JpG+r7fRrqm12kzFHyUHqHCVpMMbI=",
        "owner": "numtide",
        "repo": "flake-utils",
        "rev": "11707dc2f618dd54ca8739b309ec4fc024de578b",
        "type": "github"
      },
      "original": {
        "owner": "numtide",
        "repo": "flake-utils",
        "type": "github"
      }
    },
    "flake-utils_3": {
      "inputs": {
        "systems": "systems_4"
      },
      "locked": {
        "lastModified": 1731533236,
        "narHash": "sha256-l0KFg5HjrsfsO/JpG+r7fRrqm12kzFHyUHqHCVpMMbI=",
        "owner": "numtide",
        "repo": "flake-utils",
        "rev": "11707dc2f618dd54ca8739b309ec4fc024de578b",
        "type": "github"
      },
      "original": {
        "owner": "numtide",
        "repo": "flake-utils",
        "type": "github"
      }
    },
    "fromYaml": {
      "flake": false,
      "locked": {
        "lastModified": 1731966426,
        "narHash": "sha256-lq95WydhbUTWig/JpqiB7oViTcHFP8Lv41IGtayokA8=",
        "owner": "SenchoPens",
        "repo": "fromYaml",
        "rev": "106af9e2f715e2d828df706c386a685698f3223b",
        "type": "github"
      },
      "original": {
        "owner": "SenchoPens",
        "repo": "fromYaml",
        "type": "github"
      }
    },
    "git-hooks": {
      "inputs": {
        "flake-compat": [
          "dedupe_flake-compat"
        ],
        "gitignore": "gitignore",
        "nixpkgs": [
          "nixpkgs"
        ]
      },
      "locked": {
        "lastModified": 1749636823,
        "narHash": "sha256-WUaIlOlPLyPgz9be7fqWJA5iG6rHcGRtLERSCfUDne4=",
        "owner": "cachix",
        "repo": "git-hooks.nix",
        "rev": "623c56286de5a3193aa38891a6991b28f9bab056",
        "type": "github"
      },
      "original": {
        "owner": "cachix",
        "repo": "git-hooks.nix",
        "type": "github"
      }
    },
    "gitignore": {
      "inputs": {
        "nixpkgs": [
          "git-hooks",
          "nixpkgs"
        ]
      },
      "locked": {
        "lastModified": 1709087332,
        "narHash": "sha256-HG2cCnktfHsKV0s4XW83gU3F57gaTljL9KNSuG6bnQs=",
        "owner": "hercules-ci",
        "repo": "gitignore.nix",
        "rev": "637db329424fd7e46cf4185293b9cc8c88c95394",
        "type": "github"
      },
      "original": {
        "owner": "hercules-ci",
        "repo": "gitignore.nix",
        "type": "github"
      }
    },
    "gnome-shell": {
      "flake": false,
      "locked": {
        "lastModified": 1744584021,
        "narHash": "sha256-0RJ4mJzf+klKF4Fuoc8VN8dpQQtZnKksFmR2jhWE1Ew=",
        "owner": "GNOME",
        "repo": "gnome-shell",
        "rev": "52c517c8f6c199a1d6f5118fae500ef69ea845ae",
        "type": "github"
      },
      "original": {
        "owner": "GNOME",
        "ref": "48.1",
        "repo": "gnome-shell",
        "type": "github"
      }
    },
    "home-manager": {
      "inputs": {
        "nixpkgs": [
          "nixpkgs"
        ]
      },
      "locked": {
        "lastModified": 1750304462,
        "narHash": "sha256-Mj5t4yX05/rXnRqJkpoLZTWqgStB88Mr/fegTRqyiWc=",
        "owner": "nix-community",
        "repo": "home-manager",
        "rev": "863842639722dd12ae9e37ca83bcb61a63b36f6c",
        "type": "github"
      },
      "original": {
        "owner": "nix-community",
        "repo": "home-manager",
        "type": "github"
      }
    },
    "homebrew-bundle": {
      "flake": false,
      "locked": {
        "lastModified": 1745335228,
        "narHash": "sha256-TIKR2UgtyUmHLNZp255/vLs+1I10hXe+sciMEbAGFwE=",
        "owner": "homebrew",
        "repo": "homebrew-bundle",
        "rev": "a3265c84b232e13048ecbf6fc18a2eedfadbeb08",
        "type": "github"
      },
      "original": {
        "owner": "homebrew",
        "repo": "homebrew-bundle",
        "type": "github"
      }
    },
    "homebrew-cask": {
      "flake": false,
      "locked": {
        "lastModified": 1750418756,
        "narHash": "sha256-blb6mmoh6Skg47Wj41mTZ1OyrOg/SA6ZFPI1Lf0nQ48=",
        "owner": "homebrew",
        "repo": "homebrew-cask",
        "rev": "5112b1863cef835a362f00dd6c6515dd97959b8a",
        "type": "github"
      },
      "original": {
        "owner": "homebrew",
        "repo": "homebrew-cask",
        "type": "github"
      }
    },
    "homebrew-core": {
      "flake": false,
      "locked": {
        "lastModified": 1750414246,
        "narHash": "sha256-OQlU8P9H1QcLckmkb2kHL/PpZpsS3ob4MNp1zoVEj44=",
        "owner": "homebrew",
        "repo": "homebrew-core",
        "rev": "3cc0a8b008cb21eb485b2b73a2314d4d7834e8c4",
        "type": "github"
      },
      "original": {
        "owner": "homebrew",
        "repo": "homebrew-core",
        "type": "github"
      }
    },
    "import-tree": {
      "locked": {
        "lastModified": 1749958812,
        "narHash": "sha256-zdo2CwxdUK3FpQjLBjkJnXvl7OPoTpjdW5OvOzQffoQ=",
        "owner": "vic",
        "repo": "import-tree",
        "rev": "6fcfa909614de6dd6c712db8229b8c0261791e39",
        "type": "github"
      },
      "original": {
        "owner": "vic",
        "repo": "import-tree",
        "type": "github"
      }
    },
    "ixx": {
      "inputs": {
        "flake-utils": [
          "dedupe_nuschtos-search",
          "flake-utils"
        ],
        "nixpkgs": [
          "dedupe_nuschtos-search",
          "nixpkgs"
        ]
      },
      "locked": {
        "lastModified": 1748294338,
        "narHash": "sha256-FVO01jdmUNArzBS7NmaktLdGA5qA3lUMJ4B7a05Iynw=",
        "owner": "NuschtOS",
        "repo": "ixx",
        "rev": "cc5f390f7caf265461d4aab37e98d2292ebbdb85",
        "type": "github"
      },
      "original": {
        "owner": "NuschtOS",
        "ref": "v0.0.8",
        "repo": "ixx",
        "type": "github"
      }
    },
    "make-shell": {
      "inputs": {
        "flake-compat": [
          "dedupe_flake-compat"
        ]
      },
      "locked": {
        "lastModified": 1733933815,
        "narHash": "sha256-9JjM7eT66W4NJAXpGUsdyAFXhBxFWR2Z9LZwUa7Hli0=",
        "owner": "nicknovitski",
        "repo": "make-shell",
        "rev": "ffeceae9956df03571ea8e96ef77c2924f13a63c",
        "type": "github"
      },
      "original": {
        "owner": "nicknovitski",
        "repo": "make-shell",
        "type": "github"
      }
    },
    "make-shell_2": {
      "inputs": {
        "flake-compat": "flake-compat"
      },
      "locked": {
        "lastModified": 1733933815,
        "narHash": "sha256-9JjM7eT66W4NJAXpGUsdyAFXhBxFWR2Z9LZwUa7Hli0=",
        "owner": "nicknovitski",
        "repo": "make-shell",
        "rev": "ffeceae9956df03571ea8e96ef77c2924f13a63c",
        "type": "github"
      },
      "original": {
        "owner": "nicknovitski",
        "repo": "make-shell",
        "type": "github"
      }
    },
    "mnw": {
      "locked": {
        "lastModified": 1748710831,
        "narHash": "sha256-eZu2yH3Y2eA9DD3naKWy/sTxYS5rPK2hO7vj8tvUCSU=",
        "owner": "Gerg-L",
        "repo": "mnw",
        "rev": "cff958a4e050f8d917a6ff3a5624bc4681c6187d",
        "type": "github"
      },
      "original": {
        "owner": "Gerg-L",
        "repo": "mnw",
        "type": "github"
      }
    },
    "nil": {
      "inputs": {
        "nixpkgs": [
          "nvf",
          "nixpkgs"
        ]
      },
      "locked": {
        "lastModified": 1750047244,
        "narHash": "sha256-vluLARrk4485npdyHOj8XKr0yk6H22pNf+KVRNL+i/Y=",
        "owner": "oxalica",
        "repo": "nil",
        "rev": "870a4b1b5f12004832206703ac15aa85c42c247b",
        "type": "github"
      },
      "original": {
        "owner": "oxalica",
        "repo": "nil",
        "type": "github"
      }
    },
    "nix-darwin": {
      "inputs": {
        "nixpkgs": "nixpkgs_2"
      },
      "locked": {
        "lastModified": 1750325256,
        "narHash": "sha256-vvlxGz/waqJ3TGqM/iqXbnEc7/R1qnEXmaBiPaQ1RE0=",
        "owner": "LnL7",
        "repo": "nix-darwin",
        "rev": "0d71cbf88d63e938b37b85b3bf8b238bcf7b39b9",
        "type": "github"
      },
      "original": {
        "owner": "LnL7",
        "repo": "nix-darwin",
        "type": "github"
      }
    },
    "nix-homebrew": {
      "inputs": {
        "brew-src": "brew-src"
      },
      "locked": {
        "lastModified": 1749952250,
        "narHash": "sha256-V2ix0knpdJXirQ+4pjbnggjdSALTsFWGIP/NDpaQkdU=",
        "owner": "zhaofengli",
        "repo": "nix-homebrew",
        "rev": "37126f06f4890f019af3d7606ce5d30a457afcd0",
        "type": "github"
      },
      "original": {
        "owner": "zhaofengli",
        "repo": "nix-homebrew",
        "type": "github"
      }
    },
    "nix-index-database": {
      "inputs": {
        "nixpkgs": [
          "nixpkgs"
        ]
      },
      "locked": {
        "lastModified": 1749960154,
        "narHash": "sha256-EWlr9MZDd+GoGtZB4QsDzaLyaDQPGnRY03MFp6u2wSg=",
        "owner": "nix-community",
        "repo": "nix-index-database",
        "rev": "424a40050cdc5f494ec45e46462d288f08c64475",
        "type": "github"
      },
      "original": {
        "owner": "nix-community",
        "repo": "nix-index-database",
        "type": "github"
      }
    },
    "nixos-facter-modules": {
      "locked": {
        "lastModified": 1743671943,
        "narHash": "sha256-7sYig0+RcrR3sOL5M+2spbpFUHyEP7cnUvCaqFOBjyU=",
        "owner": "numtide",
        "repo": "nixos-facter-modules",
        "rev": "58ad9691670d293a15221d4a78818e0088d2e086",
        "type": "github"
      },
      "original": {
        "owner": "numtide",
        "repo": "nixos-facter-modules",
        "type": "github"
      }
    },
    "nixpkgs": {
      "locked": {
        "lastModified": 1716358718,
        "narHash": "sha256-NQbegJb2ZZnAqp2EJhWwTf6DrZXSpA6xZCEq+RGV1r0=",
        "owner": "NixOS",
        "repo": "nixpkgs",
        "rev": "3f316d2a50699a78afe5e77ca486ad553169061e",
        "type": "github"
      },
      "original": {
        "owner": "NixOS",
        "ref": "nixpkgs-unstable",
        "repo": "nixpkgs",
        "type": "github"
      }
    },
    "nixpkgs-lib": {
      "locked": {
        "lastModified": 1748740939,
        "narHash": "sha256-rQaysilft1aVMwF14xIdGS3sj1yHlI6oKQNBRTF40cc=",
        "owner": "nix-community",
        "repo": "nixpkgs.lib",
        "rev": "656a64127e9d791a334452c6b6606d17539476e2",
        "type": "github"
      },
      "original": {
        "owner": "nix-community",
        "repo": "nixpkgs.lib",
        "type": "github"
      }
    },
    "nixpkgs_2": {
      "locked": {
        "lastModified": 1747728033,
        "narHash": "sha256-NnXFQu7g4LnvPIPfJmBuZF7LFy/fey2g2+LCzjQhTUk=",
        "owner": "NixOS",
        "repo": "nixpkgs",
        "rev": "2f9173bde1d3fbf1ad26ff6d52f952f9e9da52ea",
        "type": "github"
      },
      "original": {
        "owner": "NixOS",
        "ref": "nixpkgs-unstable",
        "repo": "nixpkgs",
        "type": "github"
      }
    },
    "nixpkgs_3": {
      "locked": {
        "lastModified": 1750215678,
        "narHash": "sha256-Rc/ytpamXRf6z8UA2SGa4aaWxUXRbX2MAWIu2C8M+ok=",
        "owner": "nixos",
        "repo": "nixpkgs",
        "rev": "5395fb3ab3f97b9b7abca147249fa2e8ed27b192",
        "type": "github"
      },
      "original": {
        "owner": "nixos",
        "ref": "nixpkgs-unstable",
        "repo": "nixpkgs",
        "type": "github"
      }
    },
    "nixpkgs_4": {
      "locked": {
        "lastModified": 1750215678,
        "narHash": "sha256-Rc/ytpamXRf6z8UA2SGa4aaWxUXRbX2MAWIu2C8M+ok=",
        "owner": "nixos",
        "repo": "nixpkgs",
        "rev": "5395fb3ab3f97b9b7abca147249fa2e8ed27b192",
        "type": "github"
      },
      "original": {
        "owner": "nixos",
        "ref": "nixpkgs-unstable",
        "repo": "nixpkgs",
        "type": "github"
      }
    },
    "nixpkgs_5": {
      "locked": {
        "lastModified": 1749903597,
        "narHash": "sha256-jp0D4vzBcRKwNZwfY4BcWHemLGUs4JrS3X9w5k/JYDA=",
        "owner": "nixos",
        "repo": "nixpkgs",
        "rev": "41da1e3ea8e23e094e5e3eeb1e6b830468a7399e",
        "type": "github"
      },
      "original": {
        "owner": "nixos",
        "ref": "nixpkgs-unstable",
        "repo": "nixpkgs",
        "type": "github"
      }
    },
    "nvf": {
      "inputs": {
        "flake-parts": "flake-parts_2",
        "flake-utils": "flake-utils_2",
        "mnw": "mnw",
        "nil": "nil",
        "nixpkgs": "nixpkgs_4",
        "systems": "systems_3"
      },
      "locked": {
        "lastModified": 1750279337,
        "narHash": "sha256-K8+lSoyfVIwPpKjPvCQsCWL59VI3XSbgbYdPUkTTaA8=",
        "owner": "notashelf",
        "repo": "nvf",
        "rev": "787678dd731e0246d42ca70b758ae0ac35bd48e2",
        "type": "github"
      },
      "original": {
        "owner": "notashelf",
        "repo": "nvf",
        "type": "github"
      }
    },
    "root": {
      "inputs": {
        "_1password-shell-plugins": "_1password-shell-plugins",
        "cpu-microcodes": "cpu-microcodes",
        "dedupe_flake-compat": "dedupe_flake-compat",
        "dedupe_flake-utils": "dedupe_flake-utils",
        "dedupe_nur": "dedupe_nur",
        "dedupe_nuschtos-search": "dedupe_nuschtos-search",
        "dedupe_systems": "dedupe_systems",
        "files": "files",
        "flake-parts": "flake-parts",
        "git-hooks": "git-hooks",
        "home-manager": "home-manager",
        "homebrew-bundle": "homebrew-bundle",
        "homebrew-cask": "homebrew-cask",
        "homebrew-core": "homebrew-core",
        "import-tree": "import-tree",
        "make-shell": "make-shell",
        "nix-darwin": "nix-darwin",
        "nix-homebrew": "nix-homebrew",
        "nix-index-database": "nix-index-database",
        "nixos-facter-modules": "nixos-facter-modules",
        "nixpkgs": "nixpkgs_3",
        "nvf": "nvf",
        "sink-rotate": "sink-rotate",
        "stylix": "stylix",
        "swww": "swww",
        "systems": "systems_5",
        "tinted-schemes": "tinted-schemes",
        "treefmt-nix": "treefmt-nix",
        "ucodenix": "ucodenix"
      }
    },
    "rust-overlay": {
      "inputs": {
        "nixpkgs": [
          "swww",
          "nixpkgs"
        ]
      },
      "locked": {
        "lastModified": 1750127910,
        "narHash": "sha256-FIgEIS0RAlOyXGqoj/OufTfcKItYq668yPYL4SXdU0M=",
        "owner": "oxalica",
        "repo": "rust-overlay",
        "rev": "45418795a73b77b7726c62ce265d68cf541ffb49",
        "type": "github"
      },
      "original": {
        "owner": "oxalica",
        "repo": "rust-overlay",
        "type": "github"
      }
    },
    "sink-rotate": {
      "inputs": {
        "flake-parts": [
          "flake-parts"
        ],
        "make-shell": "make-shell_2",
        "nixpkgs": [
          "nixpkgs"
        ],
        "systems": [
          "dedupe_systems"
        ],
        "treefmt-nix": [
          "treefmt-nix"
        ]
      },
      "locked": {
        "lastModified": 1749947775,
        "narHash": "sha256-Wxag2moT4LeZt1uFQKsCZWi9oIg6n+Lm36TV1Jt2sw0=",
        "owner": "mightyiam",
        "repo": "sink-rotate",
        "rev": "b92dc5b1797ef61f83d8d2fc16b977f1a543453f",
        "type": "github"
      },
      "original": {
        "owner": "mightyiam",
        "repo": "sink-rotate",
        "type": "github"
      }
    },
    "stylix": {
      "inputs": {
        "base16": "base16",
        "base16-fish": "base16-fish",
        "base16-helix": "base16-helix",
        "base16-vim": "base16-vim",
        "firefox-gnome-theme": "firefox-gnome-theme",
        "flake-compat": [
          "dedupe_flake-compat"
        ],
        "flake-parts": [
          "flake-parts"
        ],
        "git-hooks": [
          "git-hooks"
        ],
        "gnome-shell": "gnome-shell",
        "home-manager": [
          "home-manager"
        ],
        "nixpkgs": [
          "nixpkgs"
        ],
        "nur": [
          "dedupe_nur"
        ],
        "systems": [
          "dedupe_systems"
        ],
        "tinted-foot": "tinted-foot",
        "tinted-kitty": "tinted-kitty",
        "tinted-schemes": [
          "tinted-schemes"
        ],
        "tinted-tmux": "tinted-tmux",
        "tinted-zed": "tinted-zed"
      },
      "locked": {
        "lastModified": 1750369088,
        "narHash": "sha256-njtrVYrl+4I3ikgAoKLyQ+5MZ1BKwazAiEpLq2efwrE=",
        "owner": "danth",
        "repo": "stylix",
        "rev": "8c1421ae02475a874f2a09cc4a7ad6de63fbc9e8",
        "type": "github"
      },
      "original": {
        "owner": "danth",
        "repo": "stylix",
        "type": "github"
      }
    },
    "swww": {
      "inputs": {
        "flake-compat": "flake-compat_2",
        "flake-utils": "flake-utils_3",
        "nixpkgs": "nixpkgs_5",
        "rust-overlay": "rust-overlay"
      },
      "locked": {
        "lastModified": 1750166285,
        "narHash": "sha256-ZAC5TbkshztW2IeDorhaxUmVCHf2tJCSGIGHSNl91Ns=",
        "owner": "LGFae",
        "repo": "swww",
        "rev": "398a4048e389341dfd55285c53518a8ea3930ec4",
        "type": "github"
      },
      "original": {
        "owner": "LGFae",
        "repo": "swww",
        "type": "github"
      }
    },
    "systems": {
      "locked": {
        "lastModified": 1681028828,
        "narHash": "sha256-Vy1rq5AaRuLzOxct8nz4T6wlgyUR7zLU309k9mBC768=",
        "owner": "nix-systems",
        "repo": "default",
        "rev": "da67096a3b9bf56a91d16901293e51ba5b49a27e",
        "type": "github"
      },
      "original": {
        "owner": "nix-systems",
        "repo": "default",
        "type": "github"
      }
    },
    "systems_2": {
      "locked": {
        "lastModified": 1681028828,
        "narHash": "sha256-Vy1rq5AaRuLzOxct8nz4T6wlgyUR7zLU309k9mBC768=",
        "owner": "nix-systems",
        "repo": "default",
        "rev": "da67096a3b9bf56a91d16901293e51ba5b49a27e",
        "type": "github"
      },
      "original": {
        "owner": "nix-systems",
        "repo": "default",
        "type": "github"
      }
    },
    "systems_3": {
      "locked": {
        "lastModified": 1681028828,
        "narHash": "sha256-Vy1rq5AaRuLzOxct8nz4T6wlgyUR7zLU309k9mBC768=",
        "owner": "nix-systems",
        "repo": "default",
        "rev": "da67096a3b9bf56a91d16901293e51ba5b49a27e",
        "type": "github"
      },
      "original": {
        "owner": "nix-systems",
        "repo": "default",
        "type": "github"
      }
    },
    "systems_4": {
      "locked": {
        "lastModified": 1681028828,
        "narHash": "sha256-Vy1rq5AaRuLzOxct8nz4T6wlgyUR7zLU309k9mBC768=",
        "owner": "nix-systems",
        "repo": "default",
        "rev": "da67096a3b9bf56a91d16901293e51ba5b49a27e",
        "type": "github"
      },
      "original": {
        "owner": "nix-systems",
        "repo": "default",
        "type": "github"
      }
    },
    "systems_5": {
      "locked": {
        "lastModified": 1681028828,
        "narHash": "sha256-Vy1rq5AaRuLzOxct8nz4T6wlgyUR7zLU309k9mBC768=",
        "owner": "nix-systems",
        "repo": "default",
        "rev": "da67096a3b9bf56a91d16901293e51ba5b49a27e",
        "type": "github"
      },
      "original": {
        "owner": "nix-systems",
        "repo": "default",
        "type": "github"
      }
    },
    "tinted-foot": {
      "flake": false,
      "locked": {
        "lastModified": 1726913040,
        "narHash": "sha256-+eDZPkw7efMNUf3/Pv0EmsidqdwNJ1TaOum6k7lngDQ=",
        "owner": "tinted-theming",
        "repo": "tinted-foot",
        "rev": "fd1b924b6c45c3e4465e8a849e67ea82933fcbe4",
        "type": "github"
      },
      "original": {
        "owner": "tinted-theming",
        "repo": "tinted-foot",
        "rev": "fd1b924b6c45c3e4465e8a849e67ea82933fcbe4",
        "type": "github"
      }
    },
    "tinted-kitty": {
      "flake": false,
      "locked": {
        "lastModified": 1735730497,
        "narHash": "sha256-4KtB+FiUzIeK/4aHCKce3V9HwRvYaxX+F1edUrfgzb8=",
        "owner": "tinted-theming",
        "repo": "tinted-kitty",
        "rev": "de6f888497f2c6b2279361bfc790f164bfd0f3fa",
        "type": "github"
      },
      "original": {
        "owner": "tinted-theming",
        "repo": "tinted-kitty",
        "type": "github"
      }
    },
    "tinted-schemes": {
      "flake": false,
      "locked": {
        "lastModified": 1749495620,
        "narHash": "sha256-pDz3SALMXwLvqvVPKj2pQn1Cr6WsPTWICaUhWfmXAYI=",
        "owner": "tinted-theming",
        "repo": "schemes",
        "rev": "b15ea410ff2091a064a92d0f6b8bae80a2f27798",
        "type": "github"
      },
      "original": {
        "owner": "tinted-theming",
        "repo": "schemes",
        "type": "github"
      }
    },
    "tinted-tmux": {
      "flake": false,
      "locked": {
        "lastModified": 1748740859,
        "narHash": "sha256-OEM12bg7F4N5WjZOcV7FHJbqRI6jtCqL6u8FtPrlZz4=",
        "owner": "tinted-theming",
        "repo": "tinted-tmux",
        "rev": "57d5f9683ff9a3b590643beeaf0364da819aedda",
        "type": "github"
      },
      "original": {
        "owner": "tinted-theming",
        "repo": "tinted-tmux",
        "type": "github"
      }
    },
    "tinted-zed": {
      "flake": false,
      "locked": {
        "lastModified": 1725758778,
        "narHash": "sha256-8P1b6mJWyYcu36WRlSVbuj575QWIFZALZMTg5ID/sM4=",
        "owner": "tinted-theming",
        "repo": "base16-zed",
        "rev": "122c9e5c0e6f27211361a04fae92df97940eccf9",
        "type": "github"
      },
      "original": {
        "owner": "tinted-theming",
        "repo": "base16-zed",
        "type": "github"
      }
    },
    "treefmt-nix": {
      "inputs": {
        "nixpkgs": [
          "nixpkgs"
        ]
      },
      "locked": {
        "lastModified": 1749194973,
        "narHash": "sha256-eEy8cuS0mZ2j/r/FE0/LYBSBcIs/MKOIVakwHVuqTfk=",
        "owner": "numtide",
        "repo": "treefmt-nix",
        "rev": "a05be418a1af1198ca0f63facb13c985db4cb3c5",
        "type": "github"
      },
      "original": {
        "owner": "numtide",
        "repo": "treefmt-nix",
        "type": "github"
      }
    },
    "ucodenix": {
      "inputs": {
        "cpu-microcodes": [
          "cpu-microcodes"
        ]
      },
      "locked": {
        "lastModified": 1750072662,
        "narHash": "sha256-SaX/62uc5pyFHsWK3ffRCZnOXU6kQGqHM9A1qp7XMFI=",
        "owner": "e-tho",
        "repo": "ucodenix",
        "rev": "14a7127fb8519a984b55b6559cfd812f31cb07ee",
        "type": "github"
      },
      "original": {
        "owner": "e-tho",
        "repo": "ucodenix",
        "type": "github"
      }
    }
  },
  "root": "root",
  "version": 7
}
