{
  "jobs": {
    "update": {
      "runs-on": "ubuntu-latest",
      "steps": [
        {
          "uses": "actions/checkout@v6",
          "with": {
            "submodules": true
          }
        },
        {
          "uses": "DeterminateSystems/nix-installer-action@main"
        },
        {
          "uses": "DeterminateSystems/update-flake-lock@main",
          "with": {
            "pr-labels": "dependencies\nautomated\n",
            "pr-title": "chore: update Nix flake inputs",
            "token": "${{ secrets.GH_TOKEN_FOR_UPDATES }}"
          }
        }
      ]
    }
  },
  "name": "Update flake.lock",
  "on": {
    "schedule": [
      {
        "cron": "0 18 * * *"
      }
    ],
    "workflow_dispatch": {}
  },
  "permissions": {
    "contents": "write",
    "id-token": "write",
    "issues": "write",
    "pull-requests": "write"
  }
}
